// !$*UTF8*$!
{
	archiveVersion = 1;
	classes = {
	};
	objectVersion = 46;
	objects = {

/* Begin PBXBuildFile section */
		0721B90C1E0A599D004BEB19 /* AppDelegate.swift in Sources */ = {isa = PBXBuildFile; fileRef = 0721B90B1E0A599D004BEB19 /* AppDelegate.swift */; };
		0721B90E1E0A599D004BEB19 /* RootViewController.swift in Sources */ = {isa = PBXBuildFile; fileRef = 0721B90D1E0A599D004BEB19 /* RootViewController.swift */; };
		0721B9101E0A599D004BEB19 /* DataViewController.swift in Sources */ = {isa = PBXBuildFile; fileRef = 0721B90F1E0A599D004BEB19 /* DataViewController.swift */; };
		0721B9121E0A599D004BEB19 /* ModelController.swift in Sources */ = {isa = PBXBuildFile; fileRef = 0721B9111E0A599D004BEB19 /* ModelController.swift */; };
		0721B9151E0A599D004BEB19 /* Main.storyboard in Resources */ = {isa = PBXBuildFile; fileRef = 0721B9131E0A599D004BEB19 /* Main.storyboard */; };
		0721B9171E0A599D004BEB19 /* Assets.xcassets in Resources */ = {isa = PBXBuildFile; fileRef = 0721B9161E0A599D004BEB19 /* Assets.xcassets */; };
		0721B91A1E0A599D004BEB19 /* LaunchScreen.storyboard in Resources */ = {isa = PBXBuildFile; fileRef = 0721B9181E0A599D004BEB19 /* LaunchScreen.storyboard */; };
		0721B9551E0A64D8004BEB19 /* Event.swift in Sources */ = {isa = PBXBuildFile; fileRef = 0721B9541E0A64D8004BEB19 /* Event.swift */; };
		0721B9571E0A6BF5004BEB19 /* EventLineup.swift in Sources */ = {isa = PBXBuildFile; fileRef = 0721B9561E0A6BF5004BEB19 /* EventLineup.swift */; };
		07C59E8E1E24AB6300CC24CB /* events.json in Resources */ = {isa = PBXBuildFile; fileRef = 07C59E8D1E24AB6300CC24CB /* events.json */; };
		8638F74A07331D398563A7EE /* Pods_MicCheck.framework in Frameworks */ = {isa = PBXBuildFile; fileRef = 502BE0EB88CA0CD417A7AF0E /* Pods_MicCheck.framework */; };
/* End PBXBuildFile section */

/* Begin PBXFileReference section */
		0721B9081E0A599D004BEB19 /* MicCheck.app */ = {isa = PBXFileReference; explicitFileType = wrapper.application; includeInIndex = 0; path = MicCheck.app; sourceTree = BUILT_PRODUCTS_DIR; };
		0721B90B1E0A599D004BEB19 /* AppDelegate.swift */ = {isa = PBXFileReference; lastKnownFileType = sourcecode.swift; path = AppDelegate.swift; sourceTree = "<group>"; };
		0721B90D1E0A599D004BEB19 /* RootViewController.swift */ = {isa = PBXFileReference; lastKnownFileType = sourcecode.swift; path = RootViewController.swift; sourceTree = "<group>"; };
		0721B90F1E0A599D004BEB19 /* DataViewController.swift */ = {isa = PBXFileReference; lastKnownFileType = sourcecode.swift; path = DataViewController.swift; sourceTree = "<group>"; };
		0721B9111E0A599D004BEB19 /* ModelController.swift */ = {isa = PBXFileReference; lastKnownFileType = sourcecode.swift; path = ModelController.swift; sourceTree = "<group>"; };
		0721B9141E0A599D004BEB19 /* Base */ = {isa = PBXFileReference; lastKnownFileType = file.storyboard; name = Base; path = Base.lproj/Main.storyboard; sourceTree = "<group>"; };
		0721B9161E0A599D004BEB19 /* Assets.xcassets */ = {isa = PBXFileReference; lastKnownFileType = folder.assetcatalog; path = Assets.xcassets; sourceTree = "<group>"; };
		0721B9191E0A599D004BEB19 /* Base */ = {isa = PBXFileReference; lastKnownFileType = file.storyboard; name = Base; path = Base.lproj/LaunchScreen.storyboard; sourceTree = "<group>"; };
		0721B91B1E0A599D004BEB19 /* Info.plist */ = {isa = PBXFileReference; lastKnownFileType = text.plist.xml; path = Info.plist; sourceTree = "<group>"; };
		0721B9541E0A64D8004BEB19 /* Event.swift */ = {isa = PBXFileReference; fileEncoding = 4; lastKnownFileType = sourcecode.swift; path = Event.swift; sourceTree = "<group>"; };
		0721B9561E0A6BF5004BEB19 /* EventLineup.swift */ = {isa = PBXFileReference; fileEncoding = 4; lastKnownFileType = sourcecode.swift; path = EventLineup.swift; sourceTree = "<group>"; };
		07C59E8D1E24AB6300CC24CB /* events.json */ = {isa = PBXFileReference; fileEncoding = 4; lastKnownFileType = text.json; path = events.json; sourceTree = "<group>"; };
		19540C1178879B495440962D /* Pods-MicCheck.release.xcconfig */ = {isa = PBXFileReference; includeInIndex = 1; lastKnownFileType = text.xcconfig; name = "Pods-MicCheck.release.xcconfig"; path = "Pods/Target Support Files/Pods-MicCheck/Pods-MicCheck.release.xcconfig"; sourceTree = "<group>"; };
		261088C4E97BD33433EB3DB1 /* Pods-MicCheck.debug.xcconfig */ = {isa = PBXFileReference; includeInIndex = 1; lastKnownFileType = text.xcconfig; name = "Pods-MicCheck.debug.xcconfig"; path = "Pods/Target Support Files/Pods-MicCheck/Pods-MicCheck.debug.xcconfig"; sourceTree = "<group>"; };
		502BE0EB88CA0CD417A7AF0E /* Pods_MicCheck.framework */ = {isa = PBXFileReference; explicitFileType = wrapper.framework; includeInIndex = 0; path = Pods_MicCheck.framework; sourceTree = BUILT_PRODUCTS_DIR; };
		6D4F8A0B4AB559B3ACB640AC /* Pods_MicCheckTests.framework */ = {isa = PBXFileReference; explicitFileType = wrapper.framework; includeInIndex = 0; path = Pods_MicCheckTests.framework; sourceTree = BUILT_PRODUCTS_DIR; };
		6F3D89F24F792C7D22BC2610 /* Pods_MicCheckUITests.framework */ = {isa = PBXFileReference; explicitFileType = wrapper.framework; includeInIndex = 0; path = Pods_MicCheckUITests.framework; sourceTree = BUILT_PRODUCTS_DIR; };
		7A0721439FA7B42FA7EF4F75 /* Pods-MicCheckTests.debug.xcconfig */ = {isa = PBXFileReference; includeInIndex = 1; lastKnownFileType = text.xcconfig; name = "Pods-MicCheckTests.debug.xcconfig"; path = "Pods/Target Support Files/Pods-MicCheckTests/Pods-MicCheckTests.debug.xcconfig"; sourceTree = "<group>"; };
		9872B87E3A95F397B62E6521 /* Pods-MicCheckTests.release.xcconfig */ = {isa = PBXFileReference; includeInIndex = 1; lastKnownFileType = text.xcconfig; name = "Pods-MicCheckTests.release.xcconfig"; path = "Pods/Target Support Files/Pods-MicCheckTests/Pods-MicCheckTests.release.xcconfig"; sourceTree = "<group>"; };
		C0395B4D94928F317DF6CA81 /* Pods-MicCheckUITests.release.xcconfig */ = {isa = PBXFileReference; includeInIndex = 1; lastKnownFileType = text.xcconfig; name = "Pods-MicCheckUITests.release.xcconfig"; path = "Pods/Target Support Files/Pods-MicCheckUITests/Pods-MicCheckUITests.release.xcconfig"; sourceTree = "<group>"; };
		F99AA86FF3BE283FCBA2DE76 /* Pods-MicCheckUITests.debug.xcconfig */ = {isa = PBXFileReference; includeInIndex = 1; lastKnownFileType = text.xcconfig; name = "Pods-MicCheckUITests.debug.xcconfig"; path = "Pods/Target Support Files/Pods-MicCheckUITests/Pods-MicCheckUITests.debug.xcconfig"; sourceTree = "<group>"; };
/* End PBXFileReference section */

/* Begin PBXFrameworksBuildPhase section */
		0721B9051E0A599D004BEB19 /* Frameworks */ = {
			isa = PBXFrameworksBuildPhase;
			buildActionMask = 2147483647;
			files = (
				8638F74A07331D398563A7EE /* Pods_MicCheck.framework in Frameworks */,
			);
			runOnlyForDeploymentPostprocessing = 0;
		};
/* End PBXFrameworksBuildPhase section */

/* Begin PBXGroup section */
		0721B8FF1E0A599D004BEB19 = {
			isa = PBXGroup;
			children = (
				0721B90A1E0A599D004BEB19 /* MicCheck */,
				0721B9091E0A599D004BEB19 /* Products */,
				3F420536A08ABC65925ACEE1 /* Pods */,
				B74B32160A094C0A50AA5AFF /* Frameworks */,
			);
			sourceTree = "<group>";
		};
		0721B9091E0A599D004BEB19 /* Products */ = {
			isa = PBXGroup;
			children = (
				0721B9081E0A599D004BEB19 /* MicCheck.app */,
			);
			name = Products;
			sourceTree = "<group>";
		};
		0721B90A1E0A599D004BEB19 /* MicCheck */ = {
			isa = PBXGroup;
			children = (
				0721B94E1E0A5E1A004BEB19 /* Controller */,
				0721B94D1E0A5E0C004BEB19 /* UI */,
				0721B9531E0A5F90004BEB19 /* Data */,
				0721B9501E0A5E88004BEB19 /* Model */,
				0721B94F1E0A5E3B004BEB19 /* Bundle Files */,
			);
			path = MicCheck;
			sourceTree = "<group>";
		};
		0721B94D1E0A5E0C004BEB19 /* UI */ = {
			isa = PBXGroup;
			children = (
				0721B9131E0A599D004BEB19 /* Main.storyboard */,
				0721B9181E0A599D004BEB19 /* LaunchScreen.storyboard */,
			);
			name = UI;
			sourceTree = "<group>";
		};
		0721B94E1E0A5E1A004BEB19 /* Controller */ = {
			isa = PBXGroup;
			children = (
				0721B90D1E0A599D004BEB19 /* RootViewController.swift */,
				0721B90F1E0A599D004BEB19 /* DataViewController.swift */,
			);
			name = Controller;
			sourceTree = "<group>";
		};
		0721B94F1E0A5E3B004BEB19 /* Bundle Files */ = {
			isa = PBXGroup;
			children = (
				0721B9161E0A599D004BEB19 /* Assets.xcassets */,
				0721B91B1E0A599D004BEB19 /* Info.plist */,
				0721B90B1E0A599D004BEB19 /* AppDelegate.swift */,
			);
			name = "Bundle Files";
			sourceTree = "<group>";
		};
		0721B9501E0A5E88004BEB19 /* Model */ = {
			isa = PBXGroup;
			children = (
				0721B9541E0A64D8004BEB19 /* Event.swift */,
				0721B9561E0A6BF5004BEB19 /* EventLineup.swift */,
				0721B9111E0A599D004BEB19 /* ModelController.swift */,
			);
			name = Model;
			sourceTree = "<group>";
		};
		0721B9531E0A5F90004BEB19 /* Data */ = {
			isa = PBXGroup;
			children = (
				07C59E8D1E24AB6300CC24CB /* events.json */,
			);
			name = Data;
			sourceTree = "<group>";
		};
		3F420536A08ABC65925ACEE1 /* Pods */ = {
			isa = PBXGroup;
			children = (
				261088C4E97BD33433EB3DB1 /* Pods-MicCheck.debug.xcconfig */,
				19540C1178879B495440962D /* Pods-MicCheck.release.xcconfig */,
				7A0721439FA7B42FA7EF4F75 /* Pods-MicCheckTests.debug.xcconfig */,
				9872B87E3A95F397B62E6521 /* Pods-MicCheckTests.release.xcconfig */,
				F99AA86FF3BE283FCBA2DE76 /* Pods-MicCheckUITests.debug.xcconfig */,
				C0395B4D94928F317DF6CA81 /* Pods-MicCheckUITests.release.xcconfig */,
			);
			name = Pods;
			sourceTree = "<group>";
		};
		B74B32160A094C0A50AA5AFF /* Frameworks */ = {
			isa = PBXGroup;
			children = (
				502BE0EB88CA0CD417A7AF0E /* Pods_MicCheck.framework */,
				6D4F8A0B4AB559B3ACB640AC /* Pods_MicCheckTests.framework */,
				6F3D89F24F792C7D22BC2610 /* Pods_MicCheckUITests.framework */,
			);
			name = Frameworks;
			sourceTree = "<group>";
		};
/* End PBXGroup section */

/* Begin PBXNativeTarget section */
		0721B9071E0A599D004BEB19 /* MicCheck */ = {
			isa = PBXNativeTarget;
			buildConfigurationList = 0721B9341E0A599E004BEB19 /* Build configuration list for PBXNativeTarget "MicCheck" */;
			buildPhases = (
				437D7EF930253E263756B363 /* [CP] Check Pods Manifest.lock */,
				0721B9041E0A599D004BEB19 /* Sources */,
				0721B9051E0A599D004BEB19 /* Frameworks */,
				0721B9061E0A599D004BEB19 /* Resources */,
				06AE59946F1D7B7BCD011BE7 /* [CP] Embed Pods Frameworks */,
				6B4E9232B8AE19C22852D9B5 /* [CP] Copy Pods Resources */,
			);
			buildRules = (
			);
			dependencies = (
			);
			name = MicCheck;
			productName = MicCheck;
			productReference = 0721B9081E0A599D004BEB19 /* MicCheck.app */;
			productType = "com.apple.product-type.application";
		};
/* End PBXNativeTarget section */

/* Begin PBXProject section */
		0721B9001E0A599D004BEB19 /* Project object */ = {
			isa = PBXProject;
			attributes = {
				LastSwiftUpdateCheck = 0820;
				LastUpgradeCheck = 0820;
				ORGANIZATIONNAME = "Eric Nash Designs";
				TargetAttributes = {
					0721B9071E0A599D004BEB19 = {
						CreatedOnToolsVersion = 8.2;
						DevelopmentTeam = WM54JRC2M4;
						ProvisioningStyle = Automatic;
					};
				};
			};
			buildConfigurationList = 0721B9031E0A599D004BEB19 /* Build configuration list for PBXProject "MicCheck" */;
			compatibilityVersion = "Xcode 3.2";
			developmentRegion = English;
			hasScannedForEncodings = 0;
			knownRegions = (
				en,
				Base,
			);
			mainGroup = 0721B8FF1E0A599D004BEB19;
			productRefGroup = 0721B9091E0A599D004BEB19 /* Products */;
			projectDirPath = "";
			projectRoot = "";
			targets = (
				0721B9071E0A599D004BEB19 /* MicCheck */,
			);
		};
/* End PBXProject section */

/* Begin PBXResourcesBuildPhase section */
		0721B9061E0A599D004BEB19 /* Resources */ = {
			isa = PBXResourcesBuildPhase;
			buildActionMask = 2147483647;
			files = (
				07C59E8E1E24AB6300CC24CB /* events.json in Resources */,
				0721B91A1E0A599D004BEB19 /* LaunchScreen.storyboard in Resources */,
				0721B9171E0A599D004BEB19 /* Assets.xcassets in Resources */,
				0721B9151E0A599D004BEB19 /* Main.storyboard in Resources */,
			);
			runOnlyForDeploymentPostprocessing = 0;
		};
/* End PBXResourcesBuildPhase section */

/* Begin PBXShellScriptBuildPhase section */
		06AE59946F1D7B7BCD011BE7 /* [CP] Embed Pods Frameworks */ = {
			isa = PBXShellScriptBuildPhase;
			buildActionMask = 2147483647;
			files = (
			);
			inputPaths = (
			);
			name = "[CP] Embed Pods Frameworks";
			outputPaths = (
			);
			runOnlyForDeploymentPostprocessing = 0;
			shellPath = /bin/sh;
			shellScript = "\"${SRCROOT}/Pods/Target Support Files/Pods-MicCheck/Pods-MicCheck-frameworks.sh\"\n";
			showEnvVarsInLog = 0;
		};
		437D7EF930253E263756B363 /* [CP] Check Pods Manifest.lock */ = {
			isa = PBXShellScriptBuildPhase;
			buildActionMask = 2147483647;
			files = (
			);
			inputPaths = (
			);
			name = "[CP] Check Pods Manifest.lock";
			outputPaths = (
			);
			runOnlyForDeploymentPostprocessing = 0;
			shellPath = /bin/sh;
			shellScript = "diff \"${PODS_ROOT}/../Podfile.lock\" \"${PODS_ROOT}/Manifest.lock\" > /dev/null\nif [ $? != 0 ] ; then\n    # print error to STDERR\n    echo \"error: The sandbox is not in sync with the Podfile.lock. Run 'pod install' or update your CocoaPods installation.\" >&2\n    exit 1\nfi\n";
			showEnvVarsInLog = 0;
		};
		6B4E9232B8AE19C22852D9B5 /* [CP] Copy Pods Resources */ = {
			isa = PBXShellScriptBuildPhase;
			buildActionMask = 2147483647;
			files = (
			);
			inputPaths = (
			);
			name = "[CP] Copy Pods Resources";
			outputPaths = (
			);
			runOnlyForDeploymentPostprocessing = 0;
			shellPath = /bin/sh;
			shellScript = "\"${SRCROOT}/Pods/Target Support Files/Pods-MicCheck/Pods-MicCheck-resources.sh\"\n";
			showEnvVarsInLog = 0;
		};
/* End PBXShellScriptBuildPhase section */

/* Begin PBXSourcesBuildPhase section */
		0721B9041E0A599D004BEB19 /* Sources */ = {
			isa = PBXSourcesBuildPhase;
			buildActionMask = 2147483647;
			files = (
				0721B90E1E0A599D004BEB19 /* RootViewController.swift in Sources */,
				0721B9121E0A599D004BEB19 /* ModelController.swift in Sources */,
				0721B9101E0A599D004BEB19 /* DataViewController.swift in Sources */,
				0721B9571E0A6BF5004BEB19 /* EventLineup.swift in Sources */,
				0721B90C1E0A599D004BEB19 /* AppDelegate.swift in Sources */,
				0721B9551E0A64D8004BEB19 /* Event.swift in Sources */,
			);
			runOnlyForDeploymentPostprocessing = 0;
		};
/* End PBXSourcesBuildPhase section */

/* Begin PBXVariantGroup section */
		0721B9131E0A599D004BEB19 /* Main.storyboard */ = {
			isa = PBXVariantGroup;
			children = (
				0721B9141E0A599D004BEB19 /* Base */,
			);
			name = Main.storyboard;
			sourceTree = "<group>";
		};
		0721B9181E0A599D004BEB19 /* LaunchScreen.storyboard */ = {
			isa = PBXVariantGroup;
			children = (
				0721B9191E0A599D004BEB19 /* Base */,
			);
			name = LaunchScreen.storyboard;
			sourceTree = "<group>";
		};
/* End PBXVariantGroup section */

/* Begin XCBuildConfiguration section */
		0721B9321E0A599E004BEB19 /* Debug */ = {
			isa = XCBuildConfiguration;
			buildSettings = {
				ALWAYS_SEARCH_USER_PATHS = NO;
				CLANG_ANALYZER_NONNULL = YES;
				CLANG_CXX_LANGUAGE_STANDARD = "gnu++0x";
				CLANG_CXX_LIBRARY = "libc++";
				CLANG_ENABLE_MODULES = YES;
				CLANG_ENABLE_OBJC_ARC = YES;
				CLANG_WARN_BOOL_CONVERSION = YES;
				CLANG_WARN_CONSTANT_CONVERSION = YES;
				CLANG_WARN_DIRECT_OBJC_ISA_USAGE = YES_ERROR;
				CLANG_WARN_DOCUMENTATION_COMMENTS = YES;
				CLANG_WARN_EMPTY_BODY = YES;
				CLANG_WARN_ENUM_CONVERSION = YES;
				CLANG_WARN_INFINITE_RECURSION = YES;
				CLANG_WARN_INT_CONVERSION = YES;
				CLANG_WARN_OBJC_ROOT_CLASS = YES_ERROR;
				CLANG_WARN_SUSPICIOUS_MOVE = YES;
				CLANG_WARN_UNREACHABLE_CODE = YES;
				CLANG_WARN__DUPLICATE_METHOD_MATCH = YES;
				"CODE_SIGN_IDENTITY[sdk=iphoneos*]" = "iPhone Developer";
				COPY_PHASE_STRIP = NO;
				DEBUG_INFORMATION_FORMAT = dwarf;
				ENABLE_STRICT_OBJC_MSGSEND = YES;
				ENABLE_TESTABILITY = YES;
				GCC_C_LANGUAGE_STANDARD = gnu99;
				GCC_DYNAMIC_NO_PIC = NO;
				GCC_NO_COMMON_BLOCKS = YES;
				GCC_OPTIMIZATION_LEVEL = 0;
				GCC_PREPROCESSOR_DEFINITIONS = (
					"DEBUG=1",
					"$(inherited)",
				);
				GCC_WARN_64_TO_32_BIT_CONVERSION = YES;
				GCC_WARN_ABOUT_RETURN_TYPE = YES_ERROR;
				GCC_WARN_UNDECLARED_SELECTOR = YES;
				GCC_WARN_UNINITIALIZED_AUTOS = YES_AGGRESSIVE;
				GCC_WARN_UNUSED_FUNCTION = YES;
				GCC_WARN_UNUSED_VARIABLE = YES;
				IPHONEOS_DEPLOYMENT_TARGET = 10.2;
				MTL_ENABLE_DEBUG_INFO = YES;
				ONLY_ACTIVE_ARCH = YES;
				SDKROOT = iphoneos;
				SWIFT_ACTIVE_COMPILATION_CONDITIONS = DEBUG;
				SWIFT_OPTIMIZATION_LEVEL = "-Onone";
			};
			name = Debug;
		};
		0721B9331E0A599E004BEB19 /* Release */ = {
			isa = XCBuildConfiguration;
			buildSettings = {
				ALWAYS_SEARCH_USER_PATHS = NO;
				CLANG_ANALYZER_NONNULL = YES;
				CLANG_CXX_LANGUAGE_STANDARD = "gnu++0x";
				CLANG_CXX_LIBRARY = "libc++";
				CLANG_ENABLE_MODULES = YES;
				CLANG_ENABLE_OBJC_ARC = YES;
				CLANG_WARN_BOOL_CONVERSION = YES;
				CLANG_WARN_CONSTANT_CONVERSION = YES;
				CLANG_WARN_DIRECT_OBJC_ISA_USAGE = YES_ERROR;
				CLANG_WARN_DOCUMENTATION_COMMENTS = YES;
				CLANG_WARN_EMPTY_BODY = YES;
				CLANG_WARN_ENUM_CONVERSION = YES;
				CLANG_WARN_INFINITE_RECURSION = YES;
				CLANG_WARN_INT_CONVERSION = YES;
				CLANG_WARN_OBJC_ROOT_CLASS = YES_ERROR;
				CLANG_WARN_SUSPICIOUS_MOVE = YES;
				CLANG_WARN_UNREACHABLE_CODE = YES;
				CLANG_WARN__DUPLICATE_METHOD_MATCH = YES;
				"CODE_SIGN_IDENTITY[sdk=iphoneos*]" = "iPhone Developer";
				COPY_PHASE_STRIP = NO;
				DEBUG_INFORMATION_FORMAT = "dwarf-with-dsym";
				ENABLE_NS_ASSERTIONS = NO;
				ENABLE_STRICT_OBJC_MSGSEND = YES;
				GCC_C_LANGUAGE_STANDARD = gnu99;
				GCC_NO_COMMON_BLOCKS = YES;
				GCC_WARN_64_TO_32_BIT_CONVERSION = YES;
				GCC_WARN_ABOUT_RETURN_TYPE = YES_ERROR;
				GCC_WARN_UNDECLARED_SELECTOR = YES;
				GCC_WARN_UNINITIALIZED_AUTOS = YES_AGGRESSIVE;
				GCC_WARN_UNUSED_FUNCTION = YES;
				GCC_WARN_UNUSED_VARIABLE = YES;
				IPHONEOS_DEPLOYMENT_TARGET = 10.2;
				MTL_ENABLE_DEBUG_INFO = NO;
				SDKROOT = iphoneos;
				SWIFT_OPTIMIZATION_LEVEL = "-Owholemodule";
				VALIDATE_PRODUCT = YES;
			};
			name = Release;
		};
		0721B9351E0A599E004BEB19 /* Debug */ = {
			isa = XCBuildConfiguration;
			baseConfigurationReference = 261088C4E97BD33433EB3DB1 /* Pods-MicCheck.debug.xcconfig */;
			buildSettings = {
				ALWAYS_EMBED_SWIFT_STANDARD_LIBRARIES = YES;
				ASSETCATALOG_COMPILER_APPICON_NAME = AppIcon;
				DEVELOPMENT_TEAM = WM54JRC2M4;
				INFOPLIST_FILE = MicCheck/Info.plist;
				LD_RUNPATH_SEARCH_PATHS = "$(inherited) @executable_path/Frameworks";
				PRODUCT_BUNDLE_IDENTIFIER = ericnashdesigns.com.MicCheck;
				PRODUCT_NAME = "$(TARGET_NAME)";
				SWIFT_VERSION = 3.0;
			};
			name = Debug;
		};
		0721B9361E0A599E004BEB19 /* Release */ = {
			isa = XCBuildConfiguration;
			baseConfigurationReference = 19540C1178879B495440962D /* Pods-MicCheck.release.xcconfig */;
			buildSettings = {
				ALWAYS_EMBED_SWIFT_STANDARD_LIBRARIES = YES;
				ASSETCATALOG_COMPILER_APPICON_NAME = AppIcon;
				DEVELOPMENT_TEAM = WM54JRC2M4;
				INFOPLIST_FILE = MicCheck/Info.plist;
				LD_RUNPATH_SEARCH_PATHS = "$(inherited) @executable_path/Frameworks";
				PRODUCT_BUNDLE_IDENTIFIER = ericnashdesigns.com.MicCheck;
				PRODUCT_NAME = "$(TARGET_NAME)";
				SWIFT_VERSION = 3.0;
			};
			name = Release;
		};
/* End XCBuildConfiguration section */

/* Begin XCConfigurationList section */
		0721B9031E0A599D004BEB19 /* Build configuration list for PBXProject "MicCheck" */ = {
			isa = XCConfigurationList;
			buildConfigurations = (
				0721B9321E0A599E004BEB19 /* Debug */,
				0721B9331E0A599E004BEB19 /* Release */,
			);
			defaultConfigurationIsVisible = 0;
			defaultConfigurationName = Release;
		};
		0721B9341E0A599E004BEB19 /* Build configuration list for PBXNativeTarget "MicCheck" */ = {
			isa = XCConfigurationList;
			buildConfigurations = (
				0721B9351E0A599E004BEB19 /* Debug */,
				0721B9361E0A599E004BEB19 /* Release */,
			);
			defaultConfigurationIsVisible = 0;
			defaultConfigurationName = Release;
		};
/* End XCConfigurationList section */
	};
	rootObject = 0721B9001E0A599D004BEB19 /* Project object */;
}
